
Microsoft Visual Studio Solution File, Format Version 12.00
# Visual Studio Version 17
VisualStudioVersion = 17.8.34330.188
MinimumVisualStudioVersion = 10.0.40219.1
Project("{FAE04EC0-301F-11D3-BF4B-00C04F79EFBC}") = "Aula_30_Projeto", "Aula_30_Projeto.csproj", "{46CF19CC-C183-4FE7-BBAF-10654B47509C}"
EndProject
Global
	GlobalSection(SolutionConfigurationPlatforms) = preSolution
		Debug|Any CPU = Debug|Any CPU
		Release|Any CPU = Release|Any CPU
	EndGlobalSection
	GlobalSection(ProjectConfigurationPlatforms) = postSolution
		{46CF19CC-C183-4FE7-BBAF-10654B47509C}.Debug|Any CPU.ActiveCfg = Debug|Any CPU
		{46CF19CC-C183-4FE7-BBAF-10654B47509C}.Debug|Any CPU.Build.0 = Debug|Any CPU
		{46CF19CC-C183-4FE7-BBAF-10654B47509C}.Release|Any CPU.ActiveCfg = Release|Any CPU
		{46CF19CC-C183-4FE7-BBAF-10654B47509C}.Release|Any CPU.Build.0 = Release|Any CPU
	EndGlobalSection
	GlobalSection(SolutionProperties) = preSolution
		HideSolutionNode = FALSE
	EndGlobalSection
	GlobalSection(ExtensibilityGlobals) = postSolution
		SolutionGuid = {80EA2337-E859-4389-9C6C-442F79A2968A}
	EndGlobalSection
EndGlobal
